
Microsoft Visual Studio Solution File, Format Version 12.00
# Visual Studio 15
VisualStudioVersion = 15.0.28307.168
MinimumVisualStudioVersion = 10.0.40219.1
Project("{FAE04EC0-301F-11D3-BF4B-00C04F79EFBC}") = "WpfAppTest", "WpfAppTest\WpfAppTest.csproj", "{6D1CC56C-2E46-41EC-B320-3931F3CB0C6D}"
EndProject
Global
	GlobalSection(SolutionConfigurationPlatforms) = preSolution
		Debug|Any CPU = Debug|Any CPU
		Release|Any CPU = Release|Any CPU
	EndGlobalSection
	GlobalSection(ProjectConfigurationPlatforms) = postSolution
		{6D1CC56C-2E46-41EC-B320-3931F3CB0C6D}.Debug|Any CPU.ActiveCfg = Debug|Any CPU
		{6D1CC56C-2E46-41EC-B320-3931F3CB0C6D}.Debug|Any CPU.Build.0 = Debug|Any CPU
		{6D1CC56C-2E46-41EC-B320-3931F3CB0C6D}.Release|Any CPU.ActiveCfg = Release|Any CPU
		{6D1CC56C-2E46-41EC-B320-3931F3CB0C6D}.Release|Any CPU.Build.0 = Release|Any CPU
	EndGlobalSection
	GlobalSection(SolutionProperties) = preSolution
		HideSolutionNode = FALSE
	EndGlobalSection
	GlobalSection(ExtensibilityGlobals) = postSolution
		SolutionGuid = {3EAE3A44-3EAE-4123-80F1-73AAE765E4E0}
	EndGlobalSection
EndGlobal
